
Microsoft Visual Studio Solution File, Format Version 12.00
# Visual Studio Version 16
VisualStudioVersion = 16.0.31702.278
MinimumVisualStudioVersion = 10.0.40219.1
Project("{FAE04EC0-301F-11D3-BF4B-00C04F79EFBC}") = "Library_API", "Library_API\Library_API.csproj", "{2BD01688-8ECB-4BFE-A387-F644FDA1A5E9}"
EndProject
Global
	GlobalSection(SolutionConfigurationPlatforms) = preSolution
		Debug|Any CPU = Debug|Any CPU
		Release|Any CPU = Release|Any CPU
	EndGlobalSection
	GlobalSection(ProjectConfigurationPlatforms) = postSolution
		{2BD01688-8ECB-4BFE-A387-F644FDA1A5E9}.Debug|Any CPU.ActiveCfg = Debug|Any CPU
		{2BD01688-8ECB-4BFE-A387-F644FDA1A5E9}.Debug|Any CPU.Build.0 = Debug|Any CPU
		{2BD01688-8ECB-4BFE-A387-F644FDA1A5E9}.Release|Any CPU.ActiveCfg = Release|Any CPU
		{2BD01688-8ECB-4BFE-A387-F644FDA1A5E9}.Release|Any CPU.Build.0 = Release|Any CPU
	EndGlobalSection
	GlobalSection(SolutionProperties) = preSolution
		HideSolutionNode = FALSE
	EndGlobalSection
	GlobalSection(ExtensibilityGlobals) = postSolution
		SolutionGuid = {BB60BBE0-311C-43E3-9724-4EDB2EECEAD7}
	EndGlobalSection
EndGlobal
